
Microsoft Visual Studio Solution File, Format Version 12.00
# Visual Studio Version 17
VisualStudioVersion = 17.5.002.0
MinimumVisualStudioVersion = 10.0.40219.1
Project("{9A19103F-16F7-4668-BE54-9A1E7A4F7556}") = "Flow.Launcher.Plugin.Weather", "Flow.Launcher.Plugin.Weather.csproj", "{25007132-C8F6-4F48-B535-850D7A380688}"
EndProject
Global
	GlobalSection(SolutionConfigurationPlatforms) = preSolution
		Debug|Any CPU = Debug|Any CPU
		Release|Any CPU = Release|Any CPU
	EndGlobalSection
	GlobalSection(ProjectConfigurationPlatforms) = postSolution
		{25007132-C8F6-4F48-B535-850D7A380688}.Debug|Any CPU.ActiveCfg = Debug|Any CPU
		{25007132-C8F6-4F48-B535-850D7A380688}.Debug|Any CPU.Build.0 = Debug|Any CPU
		{25007132-C8F6-4F48-B535-850D7A380688}.Release|Any CPU.ActiveCfg = Release|Any CPU
		{25007132-C8F6-4F48-B535-850D7A380688}.Release|Any CPU.Build.0 = Release|Any CPU
	EndGlobalSection
	GlobalSection(SolutionProperties) = preSolution
		HideSolutionNode = FALSE
	EndGlobalSection
	GlobalSection(ExtensibilityGlobals) = postSolution
		SolutionGuid = {3D752A31-2B08-4535-B18F-43A4429DDA38}
	EndGlobalSection
EndGlobal
